{
  "name": "js-vault",
  "version": "1.0.0",
  "lockfileVersion": 1,
  "requires": true,
  "dependencies": {
    "js-base64": {
      "version": "3.7.2",
      "resolved": "https://registry.npmmirror.com/js-base64/-/js-base64-3.7.2.tgz",
      "integrity": "sha512-NnRs6dsyqUXejqk/yv2aiXlAvOs56sLkX6nUdeaNezI5LFFLlsZjOThmwnrcwh5ZZRwZlCMnVAY3CvhIhoVEKQ=="
    },
    "node-salsa20": {
      "version": "0.2.2",
      "resolved": "https://registry.npmmirror.com/node-salsa20/-/node-salsa20-0.2.2.tgz",
      "integrity": "sha512-1bEYLM90FndmCEGY2HSMXknPSvjPhmr53157RW9f5s/Svv4pMQfmzL0vvfkqSyWTau2dLzi1MttoByARbMghdg=="
    },
    "random-bytes": {
      "version": "1.0.0",
      "resolved": "https://registry.npmmirror.com/random-bytes/-/random-bytes-1.0.0.tgz",
      "integrity": "sha512-iv7LhNVO047HzYR3InF6pUcUsPQiHTM1Qal51DcGSuZFBil1aBBWG5eHPNek7bvILMaYJ/8RU1e8w1AMdHmLQQ=="
    }
  }
}
